
Microsoft Visual Studio Solution File, Format Version 12.00
# Visual Studio Version 17
VisualStudioVersion = 17.11.35327.3
MinimumVisualStudioVersion = 10.0.40219.1
Project("{FAE04EC0-301F-11D3-BF4B-00C04F79EFBC}") = "DynamicForm.Entities", "DynamicForm.Entities\DynamicForm.Entities.csproj", "{BFEA67F5-840D-4537-8FEB-99C0D8BA7BED}"
EndProject
Project("{FAE04EC0-301F-11D3-BF4B-00C04F79EFBC}") = "DynamicForms.DataAccess", "DynamicForms.DataAccess\DynamicForms.DataAccess.csproj", "{8ECEA72D-668B-4010-9465-DD7AA6652B19}"
EndProject
Project("{FAE04EC0-301F-11D3-BF4B-00C04F79EFBC}") = "DynamicForm.Business", "DynamicForm.Business\DynamicForm.Business.csproj", "{0B88D6C2-C8E8-405F-8F45-0F2A23789C71}"
EndProject
Project("{FAE04EC0-301F-11D3-BF4B-00C04F79EFBC}") = "DynamicForm.UI", "DynamicForm.UI\DynamicForm.UI.csproj", "{3C805A4D-36A1-4ACF-B103-FF2FA9644A0F}"
EndProject
Project("{FAE04EC0-301F-11D3-BF4B-00C04F79EFBC}") = "DynamicForm.DataTransfer", "DynamicForm.DataTransfer\DynamicForm.DataTransfer.csproj", "{8D95A161-CDA6-4D36-97A2-7988BBEB611B}"
EndProject
Global
	GlobalSection(SolutionConfigurationPlatforms) = preSolution
		Debug|Any CPU = Debug|Any CPU
		Release|Any CPU = Release|Any CPU
	EndGlobalSection
	GlobalSection(ProjectConfigurationPlatforms) = postSolution
		{BFEA67F5-840D-4537-8FEB-99C0D8BA7BED}.Debug|Any CPU.ActiveCfg = Debug|Any CPU
		{BFEA67F5-840D-4537-8FEB-99C0D8BA7BED}.Debug|Any CPU.Build.0 = Debug|Any CPU
		{BFEA67F5-840D-4537-8FEB-99C0D8BA7BED}.Release|Any CPU.ActiveCfg = Release|Any CPU
		{BFEA67F5-840D-4537-8FEB-99C0D8BA7BED}.Release|Any CPU.Build.0 = Release|Any CPU
		{8ECEA72D-668B-4010-9465-DD7AA6652B19}.Debug|Any CPU.ActiveCfg = Debug|Any CPU
		{8ECEA72D-668B-4010-9465-DD7AA6652B19}.Debug|Any CPU.Build.0 = Debug|Any CPU
		{8ECEA72D-668B-4010-9465-DD7AA6652B19}.Release|Any CPU.ActiveCfg = Release|Any CPU
		{8ECEA72D-668B-4010-9465-DD7AA6652B19}.Release|Any CPU.Build.0 = Release|Any CPU
		{0B88D6C2-C8E8-405F-8F45-0F2A23789C71}.Debug|Any CPU.ActiveCfg = Debug|Any CPU
		{0B88D6C2-C8E8-405F-8F45-0F2A23789C71}.Debug|Any CPU.Build.0 = Debug|Any CPU
		{0B88D6C2-C8E8-405F-8F45-0F2A23789C71}.Release|Any CPU.ActiveCfg = Release|Any CPU
		{0B88D6C2-C8E8-405F-8F45-0F2A23789C71}.Release|Any CPU.Build.0 = Release|Any CPU
		{3C805A4D-36A1-4ACF-B103-FF2FA9644A0F}.Debug|Any CPU.ActiveCfg = Debug|Any CPU
		{3C805A4D-36A1-4ACF-B103-FF2FA9644A0F}.Debug|Any CPU.Build.0 = Debug|Any CPU
		{3C805A4D-36A1-4ACF-B103-FF2FA9644A0F}.Release|Any CPU.ActiveCfg = Release|Any CPU
		{3C805A4D-36A1-4ACF-B103-FF2FA9644A0F}.Release|Any CPU.Build.0 = Release|Any CPU
		{8D95A161-CDA6-4D36-97A2-7988BBEB611B}.Debug|Any CPU.ActiveCfg = Debug|Any CPU
		{8D95A161-CDA6-4D36-97A2-7988BBEB611B}.Debug|Any CPU.Build.0 = Debug|Any CPU
		{8D95A161-CDA6-4D36-97A2-7988BBEB611B}.Release|Any CPU.ActiveCfg = Release|Any CPU
		{8D95A161-CDA6-4D36-97A2-7988BBEB611B}.Release|Any CPU.Build.0 = Release|Any CPU
	EndGlobalSection
	GlobalSection(SolutionProperties) = preSolution
		HideSolutionNode = FALSE
	EndGlobalSection
	GlobalSection(ExtensibilityGlobals) = postSolution
		SolutionGuid = {EF303486-CA9B-4945-B535-DE6030F2504D}
	EndGlobalSection
EndGlobal
